
Microsoft Visual Studio Solution File, Format Version 12.00
# Visual Studio 15
VisualStudioVersion = 15.0.26430.14
MinimumVisualStudioVersion = 10.0.40219.1
Project("{FAE04EC0-301F-11D3-BF4B-00C04F79EFBC}") = "DoYourChores", "DoYourChores\DoYourChores.csproj", "{11CB08EC-FE29-469B-8A8B-900D3D56673B}"
EndProject
Project("{FAE04EC0-301F-11D3-BF4B-00C04F79EFBC}") = "DoYourChores.Tests", "DoYourChores.Tests\DoYourChores.Tests.csproj", "{FB435A6C-D82B-4E25-A111-F8DEE707C097}"
EndProject
Global
	GlobalSection(SolutionConfigurationPlatforms) = preSolution
		Debug|Any CPU = Debug|Any CPU
		Release|Any CPU = Release|Any CPU
	EndGlobalSection
	GlobalSection(ProjectConfigurationPlatforms) = postSolution
		{11CB08EC-FE29-469B-8A8B-900D3D56673B}.Debug|Any CPU.ActiveCfg = Debug|Any CPU
		{11CB08EC-FE29-469B-8A8B-900D3D56673B}.Debug|Any CPU.Build.0 = Debug|Any CPU
		{11CB08EC-FE29-469B-8A8B-900D3D56673B}.Release|Any CPU.ActiveCfg = Release|Any CPU
		{11CB08EC-FE29-469B-8A8B-900D3D56673B}.Release|Any CPU.Build.0 = Release|Any CPU
		{FB435A6C-D82B-4E25-A111-F8DEE707C097}.Debug|Any CPU.ActiveCfg = Debug|Any CPU
		{FB435A6C-D82B-4E25-A111-F8DEE707C097}.Debug|Any CPU.Build.0 = Debug|Any CPU
		{FB435A6C-D82B-4E25-A111-F8DEE707C097}.Release|Any CPU.ActiveCfg = Release|Any CPU
		{FB435A6C-D82B-4E25-A111-F8DEE707C097}.Release|Any CPU.Build.0 = Release|Any CPU
	EndGlobalSection
	GlobalSection(SolutionProperties) = preSolution
		HideSolutionNode = FALSE
	EndGlobalSection
EndGlobal
